// !$*UTF8*$!
{
	archiveVersion = 1;
	classes = {
	};
	objectVersion = 55;
	objects = {

/* Begin PBXBuildFile section */
		DE77853D2D0867F3004A196F /* Madows.xcdatamodeld in Sources */ = {isa = PBXBuildFile; fileRef = DE7785112D0867ED004A196F /* Madows.xcdatamodeld */; };
		DE77853F2D0867F3004A196F /* MadowsApp.swift in Sources */ = {isa = PBXBuildFile; fileRef = DE7785132D0867ED004A196F /* MadowsApp.swift */; };
		DE7785412D0867F3004A196F /* ContentView.swift in Sources */ = {isa = PBXBuildFile; fileRef = DE7785142D0867ED004A196F /* ContentView.swift */; };
		DE7785432D0867F3004A196F /* Persistence.swift in Sources */ = {isa = PBXBuildFile; fileRef = DE7785152D0867ED004A196F /* Persistence.swift */; };
		DE7785452D0867F3004A196F /* Assets.xcassets in Resources */ = {isa = PBXBuildFile; fileRef = DE7785162D0867F3004A196F /* Assets.xcassets */; };
		DE7785552D087A4A004A196F /* Info.plist in Resources */ = {isa = PBXBuildFile; fileRef = DE7785542D087A4A004A196F /* Info.plist */; };
		DEB9F0962D08A28600CEE6CC /* SwiftUI.framework in Frameworks */ = {isa = PBXBuildFile; fileRef = DEB9F0952D08A28600CEE6CC /* SwiftUI.framework */; };
		DEB9F0982D08A4D200CEE6CC /* macOS in Resources */ = {isa = PBXBuildFile; fileRef = DEB9F0972D08A4D200CEE6CC /* macOS */; };
/* End PBXBuildFile section */

/* Begin PBXFileReference section */
		DE7785122D0867ED004A196F /* Shared.xcdatamodel */ = {isa = PBXFileReference; lastKnownFileType = wrapper.xcdatamodel; path = Shared.xcdatamodel; sourceTree = "<group>"; };
		DE7785132D0867ED004A196F /* MadowsApp.swift */ = {isa = PBXFileReference; lastKnownFileType = sourcecode.swift; path = MadowsApp.swift; sourceTree = "<group>"; };
		DE7785142D0867ED004A196F /* ContentView.swift */ = {isa = PBXFileReference; lastKnownFileType = sourcecode.swift; path = ContentView.swift; sourceTree = "<group>"; };
		DE7785152D0867ED004A196F /* Persistence.swift */ = {isa = PBXFileReference; lastKnownFileType = sourcecode.swift; path = Persistence.swift; sourceTree = "<group>"; };
		DE7785162D0867F3004A196F /* Assets.xcassets */ = {isa = PBXFileReference; lastKnownFileType = folder.assetcatalog; path = Assets.xcassets; sourceTree = "<group>"; };
		DE7785212D0867F3004A196F /* Madows.app */ = {isa = PBXFileReference; explicitFileType = wrapper.application; includeInIndex = 0; name = Madows.app; path = /Users/pieralexiscarvalho/Madows/build/Debug/Madows.app; sourceTree = "<absolute>"; };
		DE7785542D087A4A004A196F /* Info.plist */ = {isa = PBXFileReference; lastKnownFileType = text.plist.xml; path = Info.plist; sourceTree = "<group>"; };
		DEB9F0952D08A28600CEE6CC /* SwiftUI.framework */ = {isa = PBXFileReference; lastKnownFileType = wrapper.framework; name = SwiftUI.framework; path = System/Library/Frameworks/SwiftUI.framework; sourceTree = SDKROOT; };
		DEB9F0972D08A4D200CEE6CC /* macOS */ = {isa = PBXFileReference; lastKnownFileType = folder; path = macOS; sourceTree = "<group>"; };
/* End PBXFileReference section */

/* Begin PBXFrameworksBuildPhase section */
		DE77851E2D0867F3004A196F /* Frameworks */ = {
			isa = PBXFrameworksBuildPhase;
			buildActionMask = 2147483647;
			files = (
				DEB9F0962D08A28600CEE6CC /* SwiftUI.framework in Frameworks */,
			);
			runOnlyForDeploymentPostprocessing = 0;
		};
/* End PBXFrameworksBuildPhase section */

/* Begin PBXGroup section */
		DE77850B2D0867ED004A196F = {
			isa = PBXGroup;
			children = (
				DEB9F0972D08A4D200CEE6CC /* macOS */,
				DE7785542D087A4A004A196F /* Info.plist */,
				DE7785102D0867ED004A196F /* Shared */,
				DEB9F0942D08A28600CEE6CC /* Frameworks */,
			);
			sourceTree = "<group>";
		};
		DE7785102D0867ED004A196F /* Shared */ = {
			isa = PBXGroup;
			children = (
				DE7785132D0867ED004A196F /* MadowsApp.swift */,
				DE7785142D0867ED004A196F /* ContentView.swift */,
				DE7785152D0867ED004A196F /* Persistence.swift */,
				DE7785162D0867F3004A196F /* Assets.xcassets */,
				DE7785112D0867ED004A196F /* Madows.xcdatamodeld */,
			);
			path = Shared;
			sourceTree = "<group>";
		};
		DEB9F0942D08A28600CEE6CC /* Frameworks */ = {
			isa = PBXGroup;
			children = (
				DEB9F0952D08A28600CEE6CC /* SwiftUI.framework */,
			);
			name = Frameworks;
			sourceTree = "<group>";
		};
/* End PBXGroup section */

/* Begin PBXNativeTarget section */
		DE7785202D0867F3004A196F /* Madows (macOS) */ = {
			isa = PBXNativeTarget;
			buildConfigurationList = DE77854B2D0867F3004A196F /* Build configuration list for PBXNativeTarget "Madows (macOS)" */;
			buildPhases = (
				DE77851D2D0867F3004A196F /* Sources */,
				DE77851E2D0867F3004A196F /* Frameworks */,
				DE77851F2D0867F3004A196F /* Resources */,
			);
			buildRules = (
			);
			dependencies = (
			);
			name = "Madows (macOS)";
			productName = "Madows (macOS)";
			productReference = DE7785212D0867F3004A196F /* Madows.app */;
			productType = "com.apple.product-type.application";
		};
/* End PBXNativeTarget section */

/* Begin PBXProject section */
		DE77850C2D0867ED004A196F /* Project object */ = {
			isa = PBXProject;
			attributes = {
				BuildIndependentTargetsInParallel = 1;
				LastSwiftUpdateCheck = 1340;
				LastUpgradeCheck = 1340;
				TargetAttributes = {
					DE7785202D0867F3004A196F = {
						CreatedOnToolsVersion = 13.4.1;
					};
				};
			};
			buildConfigurationList = DE77850F2D0867ED004A196F /* Build configuration list for PBXProject "Madows" */;
			compatibilityVersion = "Xcode 13.0";
			developmentRegion = en;
			hasScannedForEncodings = 0;
			knownRegions = (
				en,
				Base,
			);
			mainGroup = DE77850B2D0867ED004A196F;
			productRefGroup = DE77850B2D0867ED004A196F;
			projectDirPath = "";
			projectRoot = "";
			targets = (
				DE7785202D0867F3004A196F /* Madows (macOS) */,
			);
		};
/* End PBXProject section */

/* Begin PBXResourcesBuildPhase section */
		DE77851F2D0867F3004A196F /* Resources */ = {
			isa = PBXResourcesBuildPhase;
			buildActionMask = 2147483647;
			files = (
				DEB9F0982D08A4D200CEE6CC /* macOS in Resources */,
				DE7785552D087A4A004A196F /* Info.plist in Resources */,
				DE7785452D0867F3004A196F /* Assets.xcassets in Resources */,
			);
			runOnlyForDeploymentPostprocessing = 0;
		};
/* End PBXResourcesBuildPhase section */

/* Begin PBXSourcesBuildPhase section */
		DE77851D2D0867F3004A196F /* Sources */ = {
			isa = PBXSourcesBuildPhase;
			buildActionMask = 2147483647;
			files = (
				DE77853F2D0867F3004A196F /* MadowsApp.swift in Sources */,
				DE7785432D0867F3004A196F /* Persistence.swift in Sources */,
				DE77853D2D0867F3004A196F /* Madows.xcdatamodeld in Sources */,
				DE7785412D0867F3004A196F /* ContentView.swift in Sources */,
			);
			runOnlyForDeploymentPostprocessing = 0;
		};
/* End PBXSourcesBuildPhase section */

/* Begin XCBuildConfiguration section */
		DE7785462D0867F3004A196F /* Debug */ = {
			isa = XCBuildConfiguration;
			buildSettings = {
				ALWAYS_SEARCH_USER_PATHS = NO;
				CLANG_ANALYZER_NONNULL = YES;
				CLANG_ANALYZER_NUMBER_OBJECT_CONVERSION = YES_AGGRESSIVE;
				CLANG_CXX_LANGUAGE_STANDARD = "gnu++17";
				CLANG_ENABLE_MODULES = YES;
				CLANG_ENABLE_OBJC_ARC = YES;
				CLANG_ENABLE_OBJC_WEAK = YES;
				CLANG_WARN_BLOCK_CAPTURE_AUTORELEASING = YES;
				CLANG_WARN_BOOL_CONVERSION = YES;
				CLANG_WARN_COMMA = YES;
				CLANG_WARN_CONSTANT_CONVERSION = YES;
				CLANG_WARN_DEPRECATED_OBJC_IMPLEMENTATIONS = YES;
				CLANG_WARN_DIRECT_OBJC_ISA_USAGE = YES_ERROR;
				CLANG_WARN_DOCUMENTATION_COMMENTS = YES;
				CLANG_WARN_EMPTY_BODY = YES;
				CLANG_WARN_ENUM_CONVERSION = YES;
				CLANG_WARN_INFINITE_RECURSION = YES;
				CLANG_WARN_INT_CONVERSION = YES;
				CLANG_WARN_NON_LITERAL_NULL_CONVERSION = YES;
				CLANG_WARN_OBJC_IMPLICIT_RETAIN_SELF = YES;
				CLANG_WARN_OBJC_LITERAL_CONVERSION = YES;
				CLANG_WARN_OBJC_ROOT_CLASS = YES_ERROR;
				CLANG_WARN_QUOTED_INCLUDE_IN_FRAMEWORK_HEADER = YES;
				CLANG_WARN_RANGE_LOOP_ANALYSIS = YES;
				CLANG_WARN_STRICT_PROTOTYPES = YES;
				CLANG_WARN_SUSPICIOUS_MOVE = YES;
				CLANG_WARN_UNGUARDED_AVAILABILITY = YES_AGGRESSIVE;
				CLANG_WARN_UNREACHABLE_CODE = YES;
				CLANG_WARN__DUPLICATE_METHOD_MATCH = YES;
				COPY_PHASE_STRIP = NO;
				DEBUG_INFORMATION_FORMAT = dwarf;
				ENABLE_STRICT_OBJC_MSGSEND = YES;
				ENABLE_TESTABILITY = YES;
				GCC_C_LANGUAGE_STANDARD = gnu11;
				GCC_DYNAMIC_NO_PIC = NO;
				GCC_NO_COMMON_BLOCKS = YES;
				GCC_OPTIMIZATION_LEVEL = 0;
				GCC_PREPROCESSOR_DEFINITIONS = (
					"DEBUG=1",
					"$(inherited)",
				);
				GCC_WARN_64_TO_32_BIT_CONVERSION = YES;
				GCC_WARN_ABOUT_RETURN_TYPE = YES_ERROR;
				GCC_WARN_UNDECLARED_SELECTOR = YES;
				GCC_WARN_UNINITIALIZED_AUTOS = YES_AGGRESSIVE;
				GCC_WARN_UNUSED_FUNCTION = YES;
				GCC_WARN_UNUSED_VARIABLE = YES;
				MACOSX_DEPLOYMENT_TARGET = 12.3;
				MTL_ENABLE_DEBUG_INFO = INCLUDE_SOURCE;
				MTL_FAST_MATH = YES;
				ONLY_ACTIVE_ARCH = YES;
				SWIFT_ACTIVE_COMPILATION_CONDITIONS = DEBUG;
				SWIFT_OPTIMIZATION_LEVEL = "-Onone";
			};
			name = Debug;
		};
		DE7785472D0867F3004A196F /* Release */ = {
			isa = XCBuildConfiguration;
			buildSettings = {
				ALWAYS_SEARCH_USER_PATHS = NO;
				CLANG_ANALYZER_NONNULL = YES;
				CLANG_ANALYZER_NUMBER_OBJECT_CONVERSION = YES_AGGRESSIVE;
				CLANG_CXX_LANGUAGE_STANDARD = "gnu++17";
				CLANG_ENABLE_MODULES = YES;
				CLANG_ENABLE_OBJC_ARC = YES;
				CLANG_ENABLE_OBJC_WEAK = YES;
				CLANG_WARN_BLOCK_CAPTURE_AUTORELEASING = YES;
				CLANG_WARN_BOOL_CONVERSION = YES;
				CLANG_WARN_COMMA = YES;
				CLANG_WARN_CONSTANT_CONVERSION = YES;
				CLANG_WARN_DEPRECATED_OBJC_IMPLEMENTATIONS = YES;
				CLANG_WARN_DIRECT_OBJC_ISA_USAGE = YES_ERROR;
				CLANG_WARN_DOCUMENTATION_COMMENTS = YES;
				CLANG_WARN_EMPTY_BODY = YES;
				CLANG_WARN_ENUM_CONVERSION = YES;
				CLANG_WARN_INFINITE_RECURSION = YES;
				CLANG_WARN_INT_CONVERSION = YES;
				CLANG_WARN_NON_LITERAL_NULL_CONVERSION = YES;
				CLANG_WARN_OBJC_IMPLICIT_RETAIN_SELF = YES;
				CLANG_WARN_OBJC_LITERAL_CONVERSION = YES;
				CLANG_WARN_OBJC_ROOT_CLASS = YES_ERROR;
				CLANG_WARN_QUOTED_INCLUDE_IN_FRAMEWORK_HEADER = YES;
				CLANG_WARN_RANGE_LOOP_ANALYSIS = YES;
				CLANG_WARN_STRICT_PROTOTYPES = YES;
				CLANG_WARN_SUSPICIOUS_MOVE = YES;
				CLANG_WARN_UNGUARDED_AVAILABILITY = YES_AGGRESSIVE;
				CLANG_WARN_UNREACHABLE_CODE = YES;
				CLANG_WARN__DUPLICATE_METHOD_MATCH = YES;
				COPY_PHASE_STRIP = NO;
				DEBUG_INFORMATION_FORMAT = "dwarf-with-dsym";
				ENABLE_NS_ASSERTIONS = NO;
				ENABLE_STRICT_OBJC_MSGSEND = YES;
				GCC_C_LANGUAGE_STANDARD = gnu11;
				GCC_NO_COMMON_BLOCKS = YES;
				GCC_WARN_64_TO_32_BIT_CONVERSION = YES;
				GCC_WARN_ABOUT_RETURN_TYPE = YES_ERROR;
				GCC_WARN_UNDECLARED_SELECTOR = YES;
				GCC_WARN_UNINITIALIZED_AUTOS = YES_AGGRESSIVE;
				GCC_WARN_UNUSED_FUNCTION = YES;
				GCC_WARN_UNUSED_VARIABLE = YES;
				MACOSX_DEPLOYMENT_TARGET = 12.3;
				MTL_ENABLE_DEBUG_INFO = NO;
				MTL_FAST_MATH = YES;
				SWIFT_COMPILATION_MODE = wholemodule;
				SWIFT_OPTIMIZATION_LEVEL = "-O";
			};
			name = Release;
		};
		DE77854C2D0867F3004A196F /* Debug */ = {
			isa = XCBuildConfiguration;
			buildSettings = {
				ASSETCATALOG_COMPILER_APPICON_NAME = AppIcon;
				ASSETCATALOG_COMPILER_GLOBAL_ACCENT_COLOR_NAME = AccentColor;
				CODE_SIGN_ENTITLEMENTS = macOS/macOS.entitlements;
				CODE_SIGN_STYLE = Automatic;
				COMBINE_HIDPI_IMAGES = YES;
				CURRENT_PROJECT_VERSION = 1;
				DEVELOPMENT_TEAM = 247897P99Q;
				ENABLE_PREVIEWS = YES;
				GENERATE_INFOPLIST_FILE = YES;
				INFOPLIST_KEY_LSApplicationCategoryType = "public.app-category.utilities";
				INFOPLIST_KEY_NSHumanReadableCopyright = "";
				INFOPLIST_KEY_NSMainNibFile = SwiftUI;
				LD_RUNPATH_SEARCH_PATHS = (
					"$(inherited)",
					"@executable_path/../Frameworks",
				);
				MACOSX_DEPLOYMENT_TARGET = 12.3;
				MARKETING_VERSION = 1.0;
				PRODUCT_BUNDLE_IDENTIFIER = com.senkadev.Madows;
				PRODUCT_NAME = Madows;
				SDKROOT = macosx;
				SWIFT_EMIT_LOC_STRINGS = YES;
				SWIFT_VERSION = 5.0;
			};
			name = Debug;
		};
		DE77854D2D0867F3004A196F /* Release */ = {
			isa = XCBuildConfiguration;
			buildSettings = {
				ASSETCATALOG_COMPILER_APPICON_NAME = AppIcon;
				ASSETCATALOG_COMPILER_GLOBAL_ACCENT_COLOR_NAME = AccentColor;
				CODE_SIGN_ENTITLEMENTS = macOS/macOS.entitlements;
				CODE_SIGN_STYLE = Automatic;
				COMBINE_HIDPI_IMAGES = YES;
				CURRENT_PROJECT_VERSION = 1;
				DEVELOPMENT_TEAM = 247897P99Q;
				ENABLE_PREVIEWS = YES;
				GENERATE_INFOPLIST_FILE = YES;
				INFOPLIST_KEY_LSApplicationCategoryType = "public.app-category.utilities";
				INFOPLIST_KEY_NSHumanReadableCopyright = "";
				INFOPLIST_KEY_NSMainNibFile = SwiftUI;
				LD_RUNPATH_SEARCH_PATHS = (
					"$(inherited)",
					"@executable_path/../Frameworks",
				);
				MACOSX_DEPLOYMENT_TARGET = 12.3;
				MARKETING_VERSION = 1.0;
				PRODUCT_BUNDLE_IDENTIFIER = com.senkadev.Madows;
				PRODUCT_NAME = Madows;
				SDKROOT = macosx;
				SWIFT_EMIT_LOC_STRINGS = YES;
				SWIFT_VERSION = 5.0;
			};
			name = Release;
		};
/* End XCBuildConfiguration section */

/* Begin XCConfigurationList section */
		DE77850F2D0867ED004A196F /* Build configuration list for PBXProject "Madows" */ = {
			isa = XCConfigurationList;
			buildConfigurations = (
				DE7785462D0867F3004A196F /* Debug */,
				DE7785472D0867F3004A196F /* Release */,
			);
			defaultConfigurationIsVisible = 0;
			defaultConfigurationName = Release;
		};
		DE77854B2D0867F3004A196F /* Build configuration list for PBXNativeTarget "Madows (macOS)" */ = {
			isa = XCConfigurationList;
			buildConfigurations = (
				DE77854C2D0867F3004A196F /* Debug */,
				DE77854D2D0867F3004A196F /* Release */,
			);
			defaultConfigurationIsVisible = 0;
			defaultConfigurationName = Release;
		};
/* End XCConfigurationList section */

/* Begin XCVersionGroup section */
		DE7785112D0867ED004A196F /* Madows.xcdatamodeld */ = {
			isa = XCVersionGroup;
			children = (
				DE7785122D0867ED004A196F /* Shared.xcdatamodel */,
			);
			currentVersion = DE7785122D0867ED004A196F /* Shared.xcdatamodel */;
			path = Madows.xcdatamodeld;
			sourceTree = "<group>";
			versionGroupType = wrapper.xcdatamodel;
		};
/* End XCVersionGroup section */
	};
	rootObject = DE77850C2D0867ED004A196F /* Project object */;
}
